// !$*UTF8*$!
{
	archiveVersion = 1;
	classes = {
	};
	objectVersion = 46;
	objects = {

/* Begin PBXBuildFile section */
		1F95516217BB4B9FAB164196 /* libPods.a in Frameworks */ = {isa = PBXBuildFile; fileRef = 92FD2BD9498A41EEBBD26F82 /* libPods.a */; };
		8045AFC9170495CE002012D5 /* OverlayText.m in Sources */ = {isa = PBXBuildFile; fileRef = 8045AFC8170495CE002012D5 /* OverlayText.m */; };
		805AB9E1172A9AFA0056DCFB /* VenueGalleryViewController.m in Sources */ = {isa = PBXBuildFile; fileRef = 805AB9E0172A9AFA0056DCFB /* VenueGalleryViewController.m */; };
		805CE6D016FCBDC9002445C3 /* PhotoLocationViewController.m in Sources */ = {isa = PBXBuildFile; fileRef = 805CE6CF16FCBDC9002445C3 /* PhotoLocationViewController.m */; };
		806D27801765CE92001E349D /* AddVenueViewController.m in Sources */ = {isa = PBXBuildFile; fileRef = 806D277F1765CE92001E349D /* AddVenueViewController.m */; };
		806D2783176627CC001E349D /* VenueCategoryViewController.m in Sources */ = {isa = PBXBuildFile; fileRef = 806D2782176627CC001E349D /* VenueCategoryViewController.m */; };
		808330BD17565F9F00C183B9 /* SearchBar.xib in Resources */ = {isa = PBXBuildFile; fileRef = 808330BC17565F9F00C183B9 /* SearchBar.xib */; };
		808F13D316FB6A5C00B66E6D /* InfoPlist.strings in Resources */ = {isa = PBXBuildFile; fileRef = 808F13D116FB6A5C00B66E6D /* InfoPlist.strings */; };
		808F13D516FB6A5C00B66E6D /* main.m in Sources */ = {isa = PBXBuildFile; fileRef = 808F13D416FB6A5C00B66E6D /* main.m */; };
		808F13D916FB6A5C00B66E6D /* AppDelegate.m in Sources */ = {isa = PBXBuildFile; fileRef = 808F13D816FB6A5C00B66E6D /* AppDelegate.m */; };
		808F13E216FB6A5C00B66E6D /* Main.storyboard in Resources */ = {isa = PBXBuildFile; fileRef = 808F13E016FB6A5C00B66E6D /* Main.storyboard */; };
		808F13E516FB6A5C00B66E6D /* AroundMeViewController.m in Sources */ = {isa = PBXBuildFile; fileRef = 808F13E416FB6A5C00B66E6D /* AroundMeViewController.m */; };
		809F6AF8179FD52600C67D77 /* SelectPromotionsViewController.m in Sources */ = {isa = PBXBuildFile; fileRef = 809F6AF7179FD52600C67D77 /* SelectPromotionsViewController.m */; };
		80ABCC03176F2012002718A1 /* SearchResultsView.m in Sources */ = {isa = PBXBuildFile; fileRef = 80ABCC02176F2012002718A1 /* SearchResultsView.m */; };
		80ABCC05176F2037002718A1 /* SearchResultsView.xib in Resources */ = {isa = PBXBuildFile; fileRef = 80ABCC04176F2037002718A1 /* SearchResultsView.xib */; };
		80B77D28173E938E00085A71 /* MenuViewController.m in Sources */ = {isa = PBXBuildFile; fileRef = 80B77D26173E938E00085A71 /* MenuViewController.m */; };
		80B957D116FBB74F0044A505 /* CheckInViewController.m in Sources */ = {isa = PBXBuildFile; fileRef = 80B957D016FBB74F0044A505 /* CheckInViewController.m */; };
		80B957D616FC65F90044A505 /* VenueViewController.m in Sources */ = {isa = PBXBuildFile; fileRef = 80B957D516FC65F90044A505 /* VenueViewController.m */; };
		80D6FF64172191A4008A3AFD /* PromotionView.xib in Resources */ = {isa = PBXBuildFile; fileRef = 80D6FF63172191A4008A3AFD /* PromotionView.xib */; };
		80D6FF6717219537008A3AFD /* PromotionView.m in Sources */ = {isa = PBXBuildFile; fileRef = 80D6FF6617219536008A3AFD /* PromotionView.m */; };
		80DC1DFB1760CAC2000AA6DF /* FavouritesViewController.m in Sources */ = {isa = PBXBuildFile; fileRef = 80DC1DFA1760CAC2000AA6DF /* FavouritesViewController.m */; };
		CD1BBBB217688F350008E4FD /* StaffViewController.m in Sources */ = {isa = PBXBuildFile; fileRef = CD61F0A417688C06005EB276 /* StaffViewController.m */; };
		CD1D1D3517987932004B634E /* CheckInListViewController.m in Sources */ = {isa = PBXBuildFile; fileRef = CD1D1D34179878A7004B634E /* CheckInListViewController.m */; };
		CD26AADC17E2150200A00611 /* ThankYouViewController.m in Sources */ = {isa = PBXBuildFile; fileRef = CD26AADB17E2150200A00611 /* ThankYouViewController.m */; };
		CD3703751760C8B600CFD249 /* CustomBackViewController.m in Sources */ = {isa = PBXBuildFile; fileRef = CD3703741760C8B600CFD249 /* CustomBackViewController.m */; };
		CD3B655D175CBA72006A4151 /* CrowdItem.m in Sources */ = {isa = PBXBuildFile; fileRef = CD3B655C175CBA72006A4151 /* CrowdItem.m */; };
		CD4DF2A317CE048A005F3604 /* MapKit.framework in Frameworks */ = {isa = PBXBuildFile; fileRef = CD4DF2A217CE048A005F3604 /* MapKit.framework */; };
		CD5024921768AED6003D3004 /* StaffTypeViewController.m in Sources */ = {isa = PBXBuildFile; fileRef = CD5024911768AE99003D3004 /* StaffTypeViewController.m */; };
		CD56F319179D30C80028B688 /* FindStaffViewController.m in Sources */ = {isa = PBXBuildFile; fileRef = CD56F318179D308C0028B688 /* FindStaffViewController.m */; };
		CD59C9B817E892E4000CF510 /* CMMapLauncher.m in Sources */ = {isa = PBXBuildFile; fileRef = CD59C9B717E892E4000CF510 /* CMMapLauncher.m */; };
		CD59C9BA17E8B460000CF510 /* Images.xcassets in Resources */ = {isa = PBXBuildFile; fileRef = CD59C9B917E8B460000CF510 /* Images.xcassets */; };
		CD654EE8179DCA9800F380B5 /* Crashlytics.framework in Frameworks */ = {isa = PBXBuildFile; fileRef = CD654EE7179DCA9800F380B5 /* Crashlytics.framework */; };
		CDAD1D2F175E011100581713 /* ShareViewController.m in Sources */ = {isa = PBXBuildFile; fileRef = CDAD1D2E175E011100581713 /* ShareViewController.m */; };
		CDAD1D33175E2BF800581713 /* UIKit.framework in Frameworks */ = {isa = PBXBuildFile; fileRef = CDAD1D32175E2BF800581713 /* UIKit.framework */; };
		CDAD1D35175E2FA600581713 /* Settings.bundle in Resources */ = {isa = PBXBuildFile; fileRef = CDAD1D34175E2FA600581713 /* Settings.bundle */; };
		CDB11BF517A056D400B8817A /* RedemptionListViewController.m in Sources */ = {isa = PBXBuildFile; fileRef = CDB11BF417A056D400B8817A /* RedemptionListViewController.m */; };
		CDB72C2E175A5F2B00018271 /* Request.m in Sources */ = {isa = PBXBuildFile; fileRef = CDB72C2D175A5F2B00018271 /* Request.m */; };
		CDBC6C7C17AC47D9001B667B /* Accounts.framework in Frameworks */ = {isa = PBXBuildFile; fileRef = CDBC6C7B17AC47D9001B667B /* Accounts.framework */; };
		CDBC6C7E17AC4FBA001B667B /* Social.framework in Frameworks */ = {isa = PBXBuildFile; fileRef = CDBC6C7D17AC4FBA001B667B /* Social.framework */; };
		CDBCDE7F1765245B0048478F /* CustomSlidingViewController.m in Sources */ = {isa = PBXBuildFile; fileRef = CDBCDE7E1765245B0048478F /* CustomSlidingViewController.m */; };
		CDCA60D217E0F0B800F1EFE6 /* QuartzCore.framework in Frameworks */ = {isa = PBXBuildFile; fileRef = CD7A5BB617E0CA50002280D8 /* QuartzCore.framework */; };
		CDCA60D417E0F0BD00F1EFE6 /* CoreGraphics.framework in Frameworks */ = {isa = PBXBuildFile; fileRef = CDCA60D317E0F0BD00F1EFE6 /* CoreGraphics.framework */; };
		CDCCCE3C17AC03BC001B091B /* NSObject+MissingMethods.m in Sources */ = {isa = PBXBuildFile; fileRef = CDCCCE3B17AC03BC001B091B /* NSObject+MissingMethods.m */; };
		CDCDF9CD17A19A960036EA74 /* PromotionAudienceViewController.m in Sources */ = {isa = PBXBuildFile; fileRef = CDCDF9CC17A19A960036EA74 /* PromotionAudienceViewController.m */; };
		CDD8D95C1768A69C00BF3CAC /* StaffEditViewController.m in Sources */ = {isa = PBXBuildFile; fileRef = CDD8D95B1768A67900BF3CAC /* StaffEditViewController.m */; };
		EE0A80711733D97300792AE4 /* ProfileViewController.m in Sources */ = {isa = PBXBuildFile; fileRef = EE0A806F1733D97300792AE4 /* ProfileViewController.m */; };
		EE217B6D17E0A8C7004287F0 /* CustomerCheckIns.m in Sources */ = {isa = PBXBuildFile; fileRef = EE217B6C17E0A8C7004287F0 /* CustomerCheckIns.m */; };
		EE23586517B13D8D00E3668E /* AnalyticsViewController.m in Sources */ = {isa = PBXBuildFile; fileRef = EE23586417B13D8D00E3668E /* AnalyticsViewController.m */; };
		EE23586817B1434E00E3668E /* GraphViewController.m in Sources */ = {isa = PBXBuildFile; fileRef = EE23586717B1434E00E3668E /* GraphViewController.m */; };
		EE48E7261787300100C13F2A /* OverlayText.xib in Resources */ = {isa = PBXBuildFile; fileRef = EE48E7251787300100C13F2A /* OverlayText.xib */; };
		EE4C2E1F17B9168B007CD51A /* AccountViewController.m in Sources */ = {isa = PBXBuildFile; fileRef = EE4C2E1E17B9168B007CD51A /* AccountViewController.m */; };
		EE4C2E2217B91E20007CD51A /* HelpViewController.m in Sources */ = {isa = PBXBuildFile; fileRef = EE4C2E2117B91E20007CD51A /* HelpViewController.m */; };
		EE4D8F9817BBD5190012A453 /* ImpViewController.m in Sources */ = {isa = PBXBuildFile; fileRef = EE4D8F9717BBD5190012A453 /* ImpViewController.m */; };
		EE6707BD17A957B80083E2C5 /* AcceptViewController.m in Sources */ = {isa = PBXBuildFile; fileRef = EE6707BC17A957B80083E2C5 /* AcceptViewController.m */; };
		EE8FF815172A9CFD0003A8E1 /* LoginScreenController.m in Sources */ = {isa = PBXBuildFile; fileRef = EE8FF814172A9CFD0003A8E1 /* LoginScreenController.m */; };
		EE9D078A17A90BFD008FAD09 /* TermsOfUseViewController.m in Sources */ = {isa = PBXBuildFile; fileRef = EE9D078917A90BFD008FAD09 /* TermsOfUseViewController.m */; };
		EEB706F5176A1C5B00EF05C5 /* AddPromotionsViewController.m in Sources */ = {isa = PBXBuildFile; fileRef = EEB706F4176A1C3D00EF05C5 /* AddPromotionsViewController.m */; };
		EEE9EAD11768ACF100B8530B /* VenueDetailsViewController.m in Sources */ = {isa = PBXBuildFile; fileRef = EEAFF0FF17677CBC00980DC1 /* VenueDetailsViewController.m */; };
		EEF8C4B71794453800DDE026 /* ScoreViewController.m in Sources */ = {isa = PBXBuildFile; fileRef = EEF8C4B61794453800DDE026 /* ScoreViewController.m */; };
/* End PBXBuildFile section */

/* Begin PBXFileReference section */
		6199414049D54724BA967C32 /* Pods.xcconfig */ = {isa = PBXFileReference; includeInIndex = 1; lastKnownFileType = text.xcconfig; name = Pods.xcconfig; path = Pods/Pods.xcconfig; sourceTree = SOURCE_ROOT; };
		8045AFC7170495CD002012D5 /* OverlayText.h */ = {isa = PBXFileReference; fileEncoding = 4; lastKnownFileType = sourcecode.c.h; path = OverlayText.h; sourceTree = "<group>"; };
		8045AFC8170495CE002012D5 /* OverlayText.m */ = {isa = PBXFileReference; fileEncoding = 4; lastKnownFileType = sourcecode.c.objc; path = OverlayText.m; sourceTree = "<group>"; };
		805AB9DF172A9AFA0056DCFB /* VenueGalleryViewController.h */ = {isa = PBXFileReference; fileEncoding = 4; lastKnownFileType = sourcecode.c.h; path = VenueGalleryViewController.h; sourceTree = "<group>"; };
		805AB9E0172A9AFA0056DCFB /* VenueGalleryViewController.m */ = {isa = PBXFileReference; fileEncoding = 4; lastKnownFileType = sourcecode.c.objc; path = VenueGalleryViewController.m; sourceTree = "<group>"; };
		805CE6CE16FCBDC9002445C3 /* PhotoLocationViewController.h */ = {isa = PBXFileReference; fileEncoding = 4; lastKnownFileType = sourcecode.c.h; path = PhotoLocationViewController.h; sourceTree = "<group>"; };
		805CE6CF16FCBDC9002445C3 /* PhotoLocationViewController.m */ = {isa = PBXFileReference; fileEncoding = 4; lastKnownFileType = sourcecode.c.objc; path = PhotoLocationViewController.m; sourceTree = "<group>"; };
		806D277E1765CE92001E349D /* AddVenueViewController.h */ = {isa = PBXFileReference; fileEncoding = 4; lastKnownFileType = sourcecode.c.h; path = AddVenueViewController.h; sourceTree = "<group>"; };
		806D277F1765CE92001E349D /* AddVenueViewController.m */ = {isa = PBXFileReference; fileEncoding = 4; lastKnownFileType = sourcecode.c.objc; path = AddVenueViewController.m; sourceTree = "<group>"; };
		806D2781176627CC001E349D /* VenueCategoryViewController.h */ = {isa = PBXFileReference; fileEncoding = 4; lastKnownFileType = sourcecode.c.h; path = VenueCategoryViewController.h; sourceTree = "<group>"; };
		806D2782176627CC001E349D /* VenueCategoryViewController.m */ = {isa = PBXFileReference; fileEncoding = 4; lastKnownFileType = sourcecode.c.objc; path = VenueCategoryViewController.m; sourceTree = "<group>"; };
		808330BC17565F9F00C183B9 /* SearchBar.xib */ = {isa = PBXFileReference; fileEncoding = 4; lastKnownFileType = file.xib; path = SearchBar.xib; sourceTree = "<group>"; };
		808F13C516FB6A5C00B66E6D /* ShnergleApp.app */ = {isa = PBXFileReference; explicitFileType = wrapper.application; includeInIndex = 0; path = ShnergleApp.app; sourceTree = BUILT_PRODUCTS_DIR; };
		808F13D016FB6A5C00B66E6D /* ShnergleApp-Info.plist */ = {isa = PBXFileReference; lastKnownFileType = text.plist.xml; path = "ShnergleApp-Info.plist"; sourceTree = "<group>"; };
		808F13D216FB6A5C00B66E6D /* en */ = {isa = PBXFileReference; lastKnownFileType = text.plist.strings; name = en; path = en.lproj/InfoPlist.strings; sourceTree = "<group>"; };
		808F13D416FB6A5C00B66E6D /* main.m */ = {isa = PBXFileReference; lastKnownFileType = sourcecode.c.objc; path = main.m; sourceTree = "<group>"; };
		808F13D616FB6A5C00B66E6D /* ShnergleApp-Prefix.pch */ = {isa = PBXFileReference; lastKnownFileType = sourcecode.c.h; path = "ShnergleApp-Prefix.pch"; sourceTree = "<group>"; };
		808F13D716FB6A5C00B66E6D /* AppDelegate.h */ = {isa = PBXFileReference; lastKnownFileType = sourcecode.c.h; path = AppDelegate.h; sourceTree = "<group>"; };
		808F13D816FB6A5C00B66E6D /* AppDelegate.m */ = {isa = PBXFileReference; lastKnownFileType = sourcecode.c.objc; path = AppDelegate.m; sourceTree = "<group>"; };
		808F13E116FB6A5C00B66E6D /* en */ = {isa = PBXFileReference; lastKnownFileType = file.storyboard; name = en; path = en.lproj/Main.storyboard; sourceTree = "<group>"; };
		808F13E316FB6A5C00B66E6D /* AroundMeViewController.h */ = {isa = PBXFileReference; lastKnownFileType = sourcecode.c.h; path = AroundMeViewController.h; sourceTree = "<group>"; };
		808F13E416FB6A5C00B66E6D /* AroundMeViewController.m */ = {isa = PBXFileReference; lastKnownFileType = sourcecode.c.objc; path = AroundMeViewController.m; sourceTree = "<group>"; };
		809F6AF6179FD52600C67D77 /* SelectPromotionsViewController.h */ = {isa = PBXFileReference; fileEncoding = 4; lastKnownFileType = sourcecode.c.h; path = SelectPromotionsViewController.h; sourceTree = "<group>"; };
		809F6AF7179FD52600C67D77 /* SelectPromotionsViewController.m */ = {isa = PBXFileReference; fileEncoding = 4; lastKnownFileType = sourcecode.c.objc; path = SelectPromotionsViewController.m; sourceTree = "<group>"; };
		80ABCC01176F2012002718A1 /* SearchResultsView.h */ = {isa = PBXFileReference; fileEncoding = 4; lastKnownFileType = sourcecode.c.h; path = SearchResultsView.h; sourceTree = "<group>"; };
		80ABCC02176F2012002718A1 /* SearchResultsView.m */ = {isa = PBXFileReference; fileEncoding = 4; lastKnownFileType = sourcecode.c.objc; path = SearchResultsView.m; sourceTree = "<group>"; };
		80ABCC04176F2037002718A1 /* SearchResultsView.xib */ = {isa = PBXFileReference; fileEncoding = 4; lastKnownFileType = file.xib; path = SearchResultsView.xib; sourceTree = "<group>"; };
		80B77D25173E938E00085A71 /* MenuViewController.h */ = {isa = PBXFileReference; fileEncoding = 4; lastKnownFileType = sourcecode.c.h; path = MenuViewController.h; sourceTree = "<group>"; };
		80B77D26173E938E00085A71 /* MenuViewController.m */ = {isa = PBXFileReference; fileEncoding = 4; lastKnownFileType = sourcecode.c.objc; path = MenuViewController.m; sourceTree = "<group>"; };
		80B957B816FB7A910044A505 /* CrowdItem.h */ = {isa = PBXFileReference; fileEncoding = 4; lastKnownFileType = sourcecode.c.h; path = CrowdItem.h; sourceTree = "<group>"; };
		80B957CF16FBB74F0044A505 /* CheckInViewController.h */ = {isa = PBXFileReference; fileEncoding = 4; lastKnownFileType = sourcecode.c.h; path = CheckInViewController.h; sourceTree = "<group>"; };
		80B957D016FBB74F0044A505 /* CheckInViewController.m */ = {isa = PBXFileReference; fileEncoding = 4; lastKnownFileType = sourcecode.c.objc; path = CheckInViewController.m; sourceTree = "<group>"; };
		80B957D416FC65F90044A505 /* VenueViewController.h */ = {isa = PBXFileReference; fileEncoding = 4; lastKnownFileType = sourcecode.c.h; path = VenueViewController.h; sourceTree = "<group>"; };
		80B957D516FC65F90044A505 /* VenueViewController.m */ = {isa = PBXFileReference; fileEncoding = 4; lastKnownFileType = sourcecode.c.objc; path = VenueViewController.m; sourceTree = "<group>"; };
		80D6FF63172191A4008A3AFD /* PromotionView.xib */ = {isa = PBXFileReference; fileEncoding = 4; lastKnownFileType = file.xib; path = PromotionView.xib; sourceTree = "<group>"; };
		80D6FF6517219536008A3AFD /* PromotionView.h */ = {isa = PBXFileReference; fileEncoding = 4; lastKnownFileType = sourcecode.c.h; path = PromotionView.h; sourceTree = "<group>"; };
		80D6FF6617219536008A3AFD /* PromotionView.m */ = {isa = PBXFileReference; fileEncoding = 4; lastKnownFileType = sourcecode.c.objc; path = PromotionView.m; sourceTree = "<group>"; };
		80DC1DF91760CAC2000AA6DF /* FavouritesViewController.h */ = {isa = PBXFileReference; fileEncoding = 4; lastKnownFileType = sourcecode.c.h; path = FavouritesViewController.h; sourceTree = "<group>"; };
		80DC1DFA1760CAC2000AA6DF /* FavouritesViewController.m */ = {isa = PBXFileReference; fileEncoding = 4; lastKnownFileType = sourcecode.c.objc; path = FavouritesViewController.m; sourceTree = "<group>"; };
		92FD2BD9498A41EEBBD26F82 /* libPods.a */ = {isa = PBXFileReference; explicitFileType = archive.ar; includeInIndex = 0; path = libPods.a; sourceTree = BUILT_PRODUCTS_DIR; };
		CD1D1D33179878A7004B634E /* CheckInListViewController.h */ = {isa = PBXFileReference; lastKnownFileType = sourcecode.c.h; path = CheckInListViewController.h; sourceTree = "<group>"; };
		CD1D1D34179878A7004B634E /* CheckInListViewController.m */ = {isa = PBXFileReference; lastKnownFileType = sourcecode.c.objc; path = CheckInListViewController.m; sourceTree = "<group>"; };
		CD26AADA17E2150200A00611 /* ThankYouViewController.h */ = {isa = PBXFileReference; fileEncoding = 4; lastKnownFileType = sourcecode.c.h; path = ThankYouViewController.h; sourceTree = "<group>"; };
		CD26AADB17E2150200A00611 /* ThankYouViewController.m */ = {isa = PBXFileReference; fileEncoding = 4; lastKnownFileType = sourcecode.c.objc; path = ThankYouViewController.m; sourceTree = "<group>"; };
		CD3703731760C8B600CFD249 /* CustomBackViewController.h */ = {isa = PBXFileReference; fileEncoding = 4; lastKnownFileType = sourcecode.c.h; path = CustomBackViewController.h; sourceTree = "<group>"; };
		CD3703741760C8B600CFD249 /* CustomBackViewController.m */ = {isa = PBXFileReference; fileEncoding = 4; lastKnownFileType = sourcecode.c.objc; path = CustomBackViewController.m; sourceTree = "<group>"; };
		CD3B655C175CBA72006A4151 /* CrowdItem.m */ = {isa = PBXFileReference; fileEncoding = 4; lastKnownFileType = sourcecode.c.objc; path = CrowdItem.m; sourceTree = "<group>"; };
		CD4DF2A217CE048A005F3604 /* MapKit.framework */ = {isa = PBXFileReference; lastKnownFileType = wrapper.framework; name = MapKit.framework; path = System/Library/Frameworks/MapKit.framework; sourceTree = SDKROOT; };
		CD5024901768AE99003D3004 /* StaffTypeViewController.h */ = {isa = PBXFileReference; lastKnownFileType = sourcecode.c.h; path = StaffTypeViewController.h; sourceTree = "<group>"; };
		CD5024911768AE99003D3004 /* StaffTypeViewController.m */ = {isa = PBXFileReference; lastKnownFileType = sourcecode.c.objc; path = StaffTypeViewController.m; sourceTree = "<group>"; };
		CD56F317179D308C0028B688 /* FindStaffViewController.h */ = {isa = PBXFileReference; lastKnownFileType = sourcecode.c.h; path = FindStaffViewController.h; sourceTree = "<group>"; };
		CD56F318179D308C0028B688 /* FindStaffViewController.m */ = {isa = PBXFileReference; lastKnownFileType = sourcecode.c.objc; path = FindStaffViewController.m; sourceTree = "<group>"; };
		CD59C9B617E892E4000CF510 /* CMMapLauncher.h */ = {isa = PBXFileReference; fileEncoding = 4; lastKnownFileType = sourcecode.c.h; path = CMMapLauncher.h; sourceTree = "<group>"; };
		CD59C9B717E892E4000CF510 /* CMMapLauncher.m */ = {isa = PBXFileReference; fileEncoding = 4; lastKnownFileType = sourcecode.c.objc; path = CMMapLauncher.m; sourceTree = "<group>"; };
		CD59C9B917E8B460000CF510 /* Images.xcassets */ = {isa = PBXFileReference; lastKnownFileType = folder.assetcatalog; path = Images.xcassets; sourceTree = "<group>"; };
		CD61F0A317688C06005EB276 /* StaffViewController.h */ = {isa = PBXFileReference; lastKnownFileType = sourcecode.c.h; path = StaffViewController.h; sourceTree = "<group>"; };
		CD61F0A417688C06005EB276 /* StaffViewController.m */ = {isa = PBXFileReference; lastKnownFileType = sourcecode.c.objc; path = StaffViewController.m; sourceTree = "<group>"; };
		CD654EE7179DCA9800F380B5 /* Crashlytics.framework */ = {isa = PBXFileReference; lastKnownFileType = wrapper.framework; path = Crashlytics.framework; sourceTree = "<group>"; };
		CD7A5BB617E0CA50002280D8 /* QuartzCore.framework */ = {isa = PBXFileReference; lastKnownFileType = wrapper.framework; name = QuartzCore.framework; path = System/Library/Frameworks/QuartzCore.framework; sourceTree = SDKROOT; };
		CDAD1D2D175E011100581713 /* ShareViewController.h */ = {isa = PBXFileReference; fileEncoding = 4; lastKnownFileType = sourcecode.c.h; path = ShareViewController.h; sourceTree = "<group>"; };
		CDAD1D2E175E011100581713 /* ShareViewController.m */ = {isa = PBXFileReference; fileEncoding = 4; lastKnownFileType = sourcecode.c.objc; path = ShareViewController.m; sourceTree = "<group>"; };
		CDAD1D32175E2BF800581713 /* UIKit.framework */ = {isa = PBXFileReference; lastKnownFileType = wrapper.framework; name = UIKit.framework; path = System/Library/Frameworks/UIKit.framework; sourceTree = SDKROOT; };
		CDAD1D34175E2FA600581713 /* Settings.bundle */ = {isa = PBXFileReference; lastKnownFileType = "wrapper.plug-in"; path = Settings.bundle; sourceTree = "<group>"; };
		CDB11BF317A056D300B8817A /* RedemptionListViewController.h */ = {isa = PBXFileReference; fileEncoding = 4; lastKnownFileType = sourcecode.c.h; path = RedemptionListViewController.h; sourceTree = "<group>"; };
		CDB11BF417A056D400B8817A /* RedemptionListViewController.m */ = {isa = PBXFileReference; fileEncoding = 4; lastKnownFileType = sourcecode.c.objc; path = RedemptionListViewController.m; sourceTree = "<group>"; };
		CDB72C2C175A5F2B00018271 /* Request.h */ = {isa = PBXFileReference; fileEncoding = 4; lastKnownFileType = sourcecode.c.h; path = Request.h; sourceTree = "<group>"; };
		CDB72C2D175A5F2B00018271 /* Request.m */ = {isa = PBXFileReference; fileEncoding = 4; lastKnownFileType = sourcecode.c.objc; path = Request.m; sourceTree = "<group>"; };
		CDBC6C7B17AC47D9001B667B /* Accounts.framework */ = {isa = PBXFileReference; lastKnownFileType = wrapper.framework; name = Accounts.framework; path = System/Library/Frameworks/Accounts.framework; sourceTree = SDKROOT; };
		CDBC6C7D17AC4FBA001B667B /* Social.framework */ = {isa = PBXFileReference; lastKnownFileType = wrapper.framework; name = Social.framework; path = System/Library/Frameworks/Social.framework; sourceTree = SDKROOT; };
		CDBCDE7D1765245B0048478F /* CustomSlidingViewController.h */ = {isa = PBXFileReference; fileEncoding = 4; lastKnownFileType = sourcecode.c.h; path = CustomSlidingViewController.h; sourceTree = "<group>"; };
		CDBCDE7E1765245B0048478F /* CustomSlidingViewController.m */ = {isa = PBXFileReference; fileEncoding = 4; lastKnownFileType = sourcecode.c.objc; path = CustomSlidingViewController.m; sourceTree = "<group>"; };
		CDCA60D317E0F0BD00F1EFE6 /* CoreGraphics.framework */ = {isa = PBXFileReference; lastKnownFileType = wrapper.framework; name = CoreGraphics.framework; path = System/Library/Frameworks/CoreGraphics.framework; sourceTree = SDKROOT; };
		CDCCCE3A17AC03BC001B091B /* NSObject+MissingMethods.h */ = {isa = PBXFileReference; fileEncoding = 4; lastKnownFileType = sourcecode.c.h; path = "NSObject+MissingMethods.h"; sourceTree = "<group>"; };
		CDCCCE3B17AC03BC001B091B /* NSObject+MissingMethods.m */ = {isa = PBXFileReference; fileEncoding = 4; lastKnownFileType = sourcecode.c.objc; path = "NSObject+MissingMethods.m"; sourceTree = "<group>"; };
		CDCDF9CB17A19A950036EA74 /* PromotionAudienceViewController.h */ = {isa = PBXFileReference; fileEncoding = 4; lastKnownFileType = sourcecode.c.h; path = PromotionAudienceViewController.h; sourceTree = "<group>"; };
		CDCDF9CC17A19A960036EA74 /* PromotionAudienceViewController.m */ = {isa = PBXFileReference; fileEncoding = 4; lastKnownFileType = sourcecode.c.objc; path = PromotionAudienceViewController.m; sourceTree = "<group>"; };
		CDD8D95A1768A67900BF3CAC /* StaffEditViewController.h */ = {isa = PBXFileReference; lastKnownFileType = sourcecode.c.h; path = StaffEditViewController.h; sourceTree = "<group>"; };
		CDD8D95B1768A67900BF3CAC /* StaffEditViewController.m */ = {isa = PBXFileReference; lastKnownFileType = sourcecode.c.objc; path = StaffEditViewController.m; sourceTree = "<group>"; };
		EE0A806E1733D97300792AE4 /* ProfileViewController.h */ = {isa = PBXFileReference; fileEncoding = 4; lastKnownFileType = sourcecode.c.h; path = ProfileViewController.h; sourceTree = "<group>"; };
		EE0A806F1733D97300792AE4 /* ProfileViewController.m */ = {isa = PBXFileReference; fileEncoding = 4; lastKnownFileType = sourcecode.c.objc; path = ProfileViewController.m; sourceTree = "<group>"; };
		EE217B6B17E0A8C7004287F0 /* CustomerCheckIns.h */ = {isa = PBXFileReference; fileEncoding = 4; lastKnownFileType = sourcecode.c.h; path = CustomerCheckIns.h; sourceTree = "<group>"; };
		EE217B6C17E0A8C7004287F0 /* CustomerCheckIns.m */ = {isa = PBXFileReference; fileEncoding = 4; lastKnownFileType = sourcecode.c.objc; path = CustomerCheckIns.m; sourceTree = "<group>"; };
		EE23586317B13D8D00E3668E /* AnalyticsViewController.h */ = {isa = PBXFileReference; fileEncoding = 4; lastKnownFileType = sourcecode.c.h; path = AnalyticsViewController.h; sourceTree = "<group>"; };
		EE23586417B13D8D00E3668E /* AnalyticsViewController.m */ = {isa = PBXFileReference; fileEncoding = 4; lastKnownFileType = sourcecode.c.objc; path = AnalyticsViewController.m; sourceTree = "<group>"; };
		EE23586617B1434E00E3668E /* GraphViewController.h */ = {isa = PBXFileReference; fileEncoding = 4; lastKnownFileType = sourcecode.c.h; path = GraphViewController.h; sourceTree = "<group>"; };
		EE23586717B1434E00E3668E /* GraphViewController.m */ = {isa = PBXFileReference; fileEncoding = 4; lastKnownFileType = sourcecode.c.objc; path = GraphViewController.m; sourceTree = "<group>"; };
		EE48E7251787300100C13F2A /* OverlayText.xib */ = {isa = PBXFileReference; fileEncoding = 4; lastKnownFileType = file.xib; path = OverlayText.xib; sourceTree = "<group>"; };
		EE4C2E1D17B9168B007CD51A /* AccountViewController.h */ = {isa = PBXFileReference; fileEncoding = 4; lastKnownFileType = sourcecode.c.h; path = AccountViewController.h; sourceTree = "<group>"; };
		EE4C2E1E17B9168B007CD51A /* AccountViewController.m */ = {isa = PBXFileReference; fileEncoding = 4; lastKnownFileType = sourcecode.c.objc; path = AccountViewController.m; sourceTree = "<group>"; };
		EE4C2E2017B91E20007CD51A /* HelpViewController.h */ = {isa = PBXFileReference; fileEncoding = 4; lastKnownFileType = sourcecode.c.h; path = HelpViewController.h; sourceTree = "<group>"; };
		EE4C2E2117B91E20007CD51A /* HelpViewController.m */ = {isa = PBXFileReference; fileEncoding = 4; lastKnownFileType = sourcecode.c.objc; path = HelpViewController.m; sourceTree = "<group>"; };
		EE4D8F9617BBD5180012A453 /* ImpViewController.h */ = {isa = PBXFileReference; fileEncoding = 4; lastKnownFileType = sourcecode.c.h; path = ImpViewController.h; sourceTree = "<group>"; };
		EE4D8F9717BBD5190012A453 /* ImpViewController.m */ = {isa = PBXFileReference; fileEncoding = 4; lastKnownFileType = sourcecode.c.objc; path = ImpViewController.m; sourceTree = "<group>"; };
		EE6707BB17A957B80083E2C5 /* AcceptViewController.h */ = {isa = PBXFileReference; fileEncoding = 4; lastKnownFileType = sourcecode.c.h; path = AcceptViewController.h; sourceTree = "<group>"; };
		EE6707BC17A957B80083E2C5 /* AcceptViewController.m */ = {isa = PBXFileReference; fileEncoding = 4; lastKnownFileType = sourcecode.c.objc; path = AcceptViewController.m; sourceTree = "<group>"; };
		EE8FF813172A9CFD0003A8E1 /* LoginScreenController.h */ = {isa = PBXFileReference; fileEncoding = 4; lastKnownFileType = sourcecode.c.h; path = LoginScreenController.h; sourceTree = "<group>"; };
		EE8FF814172A9CFD0003A8E1 /* LoginScreenController.m */ = {isa = PBXFileReference; fileEncoding = 4; lastKnownFileType = sourcecode.c.objc; path = LoginScreenController.m; sourceTree = "<group>"; };
		EE9D078817A90BFD008FAD09 /* TermsOfUseViewController.h */ = {isa = PBXFileReference; fileEncoding = 4; lastKnownFileType = sourcecode.c.h; path = TermsOfUseViewController.h; sourceTree = "<group>"; };
		EE9D078917A90BFD008FAD09 /* TermsOfUseViewController.m */ = {isa = PBXFileReference; fileEncoding = 4; lastKnownFileType = sourcecode.c.objc; path = TermsOfUseViewController.m; sourceTree = "<group>"; };
		EEAFF0FE17677CBC00980DC1 /* VenueDetailsViewController.h */ = {isa = PBXFileReference; lastKnownFileType = sourcecode.c.h; path = VenueDetailsViewController.h; sourceTree = "<group>"; };
		EEAFF0FF17677CBC00980DC1 /* VenueDetailsViewController.m */ = {isa = PBXFileReference; lastKnownFileType = sourcecode.c.objc; path = VenueDetailsViewController.m; sourceTree = "<group>"; };
		EEB706F3176A1C3D00EF05C5 /* AddPromotionsViewController.h */ = {isa = PBXFileReference; lastKnownFileType = sourcecode.c.h; path = AddPromotionsViewController.h; sourceTree = "<group>"; };
		EEB706F4176A1C3D00EF05C5 /* AddPromotionsViewController.m */ = {isa = PBXFileReference; lastKnownFileType = sourcecode.c.objc; path = AddPromotionsViewController.m; sourceTree = "<group>"; };
		EEF8C4B51794453800DDE026 /* ScoreViewController.h */ = {isa = PBXFileReference; fileEncoding = 4; lastKnownFileType = sourcecode.c.h; path = ScoreViewController.h; sourceTree = "<group>"; };
		EEF8C4B61794453800DDE026 /* ScoreViewController.m */ = {isa = PBXFileReference; fileEncoding = 4; lastKnownFileType = sourcecode.c.objc; path = ScoreViewController.m; sourceTree = "<group>"; };
/* End PBXFileReference section */

/* Begin PBXFrameworksBuildPhase section */
		808F13C216FB6A5C00B66E6D /* Frameworks */ = {
			isa = PBXFrameworksBuildPhase;
			buildActionMask = 2147483647;
			files = (
				CDCA60D417E0F0BD00F1EFE6 /* CoreGraphics.framework in Frameworks */,
				CDCA60D217E0F0B800F1EFE6 /* QuartzCore.framework in Frameworks */,
				CD4DF2A317CE048A005F3604 /* MapKit.framework in Frameworks */,
				CDBC6C7E17AC4FBA001B667B /* Social.framework in Frameworks */,
				CDBC6C7C17AC47D9001B667B /* Accounts.framework in Frameworks */,
				CDAD1D33175E2BF800581713 /* UIKit.framework in Frameworks */,
				CD654EE8179DCA9800F380B5 /* Crashlytics.framework in Frameworks */,
				1F95516217BB4B9FAB164196 /* libPods.a in Frameworks */,
			);
			runOnlyForDeploymentPostprocessing = 0;
		};
/* End PBXFrameworksBuildPhase section */

/* Begin PBXGroup section */
		808F13BC16FB6A5C00B66E6D = {
			isa = PBXGroup;
			children = (
				808F13CE16FB6A5C00B66E6D /* ShnergleApp */,
				808F13C716FB6A5C00B66E6D /* Frameworks */,
				808F13C616FB6A5C00B66E6D /* Products */,
				CDAD1D34175E2FA600581713 /* Settings.bundle */,
				6199414049D54724BA967C32 /* Pods.xcconfig */,
			);
			sourceTree = "<group>";
		};
		808F13C616FB6A5C00B66E6D /* Products */ = {
			isa = PBXGroup;
			children = (
				808F13C516FB6A5C00B66E6D /* ShnergleApp.app */,
			);
			name = Products;
			sourceTree = "<group>";
		};
		808F13C716FB6A5C00B66E6D /* Frameworks */ = {
			isa = PBXGroup;
			children = (
				CDCA60D317E0F0BD00F1EFE6 /* CoreGraphics.framework */,
				CD7A5BB617E0CA50002280D8 /* QuartzCore.framework */,
				CD4DF2A217CE048A005F3604 /* MapKit.framework */,
				CDBC6C7D17AC4FBA001B667B /* Social.framework */,
				CDBC6C7B17AC47D9001B667B /* Accounts.framework */,
				CD654EE7179DCA9800F380B5 /* Crashlytics.framework */,
				CDAD1D32175E2BF800581713 /* UIKit.framework */,
				92FD2BD9498A41EEBBD26F82 /* libPods.a */,
			);
			name = Frameworks;
			sourceTree = "<group>";
		};
		808F13CE16FB6A5C00B66E6D /* ShnergleApp */ = {
			isa = PBXGroup;
			children = (
				CD59C9B617E892E4000CF510 /* CMMapLauncher.h */,
				CD59C9B717E892E4000CF510 /* CMMapLauncher.m */,
				EE6707BB17A957B80083E2C5 /* AcceptViewController.h */,
				EE6707BC17A957B80083E2C5 /* AcceptViewController.m */,
				EE4C2E1D17B9168B007CD51A /* AccountViewController.h */,
				EE4C2E1E17B9168B007CD51A /* AccountViewController.m */,
				EEB706F3176A1C3D00EF05C5 /* AddPromotionsViewController.h */,
				EEB706F4176A1C3D00EF05C5 /* AddPromotionsViewController.m */,
				806D277E1765CE92001E349D /* AddVenueViewController.h */,
				806D277F1765CE92001E349D /* AddVenueViewController.m */,
				EE23586317B13D8D00E3668E /* AnalyticsViewController.h */,
				EE23586417B13D8D00E3668E /* AnalyticsViewController.m */,
				808F13D716FB6A5C00B66E6D /* AppDelegate.h */,
				808F13D816FB6A5C00B66E6D /* AppDelegate.m */,
				808F13E316FB6A5C00B66E6D /* AroundMeViewController.h */,
				808F13E416FB6A5C00B66E6D /* AroundMeViewController.m */,
				CD1D1D33179878A7004B634E /* CheckInListViewController.h */,
				CD1D1D34179878A7004B634E /* CheckInListViewController.m */,
				80B957CF16FBB74F0044A505 /* CheckInViewController.h */,
				80B957D016FBB74F0044A505 /* CheckInViewController.m */,
				80B957B816FB7A910044A505 /* CrowdItem.h */,
				CD3B655C175CBA72006A4151 /* CrowdItem.m */,
				CD3703731760C8B600CFD249 /* CustomBackViewController.h */,
				CD3703741760C8B600CFD249 /* CustomBackViewController.m */,
				EE217B6B17E0A8C7004287F0 /* CustomerCheckIns.h */,
				EE217B6C17E0A8C7004287F0 /* CustomerCheckIns.m */,
				CDBCDE7D1765245B0048478F /* CustomSlidingViewController.h */,
				CDBCDE7E1765245B0048478F /* CustomSlidingViewController.m */,
				80DC1DF91760CAC2000AA6DF /* FavouritesViewController.h */,
				80DC1DFA1760CAC2000AA6DF /* FavouritesViewController.m */,
				CD56F317179D308C0028B688 /* FindStaffViewController.h */,
				CD56F318179D308C0028B688 /* FindStaffViewController.m */,
				EE23586617B1434E00E3668E /* GraphViewController.h */,
				EE23586717B1434E00E3668E /* GraphViewController.m */,
				EE4C2E2017B91E20007CD51A /* HelpViewController.h */,
				EE4C2E2117B91E20007CD51A /* HelpViewController.m */,
				EE4D8F9617BBD5180012A453 /* ImpViewController.h */,
				EE4D8F9717BBD5190012A453 /* ImpViewController.m */,
				EE8FF813172A9CFD0003A8E1 /* LoginScreenController.h */,
				EE8FF814172A9CFD0003A8E1 /* LoginScreenController.m */,
				808F13E016FB6A5C00B66E6D /* Main.storyboard */,
				80B77D25173E938E00085A71 /* MenuViewController.h */,
				80B77D26173E938E00085A71 /* MenuViewController.m */,
				CDCCCE3A17AC03BC001B091B /* NSObject+MissingMethods.h */,
				CDCCCE3B17AC03BC001B091B /* NSObject+MissingMethods.m */,
				8045AFC7170495CD002012D5 /* OverlayText.h */,
				8045AFC8170495CE002012D5 /* OverlayText.m */,
				EE48E7251787300100C13F2A /* OverlayText.xib */,
				805CE6CE16FCBDC9002445C3 /* PhotoLocationViewController.h */,
				805CE6CF16FCBDC9002445C3 /* PhotoLocationViewController.m */,
				EE0A806E1733D97300792AE4 /* ProfileViewController.h */,
				EE0A806F1733D97300792AE4 /* ProfileViewController.m */,
				CDCDF9CB17A19A950036EA74 /* PromotionAudienceViewController.h */,
				CDCDF9CC17A19A960036EA74 /* PromotionAudienceViewController.m */,
				80D6FF6517219536008A3AFD /* PromotionView.h */,
				80D6FF6617219536008A3AFD /* PromotionView.m */,
				80D6FF63172191A4008A3AFD /* PromotionView.xib */,
				CDB11BF317A056D300B8817A /* RedemptionListViewController.h */,
				CDB11BF417A056D400B8817A /* RedemptionListViewController.m */,
				CDB72C2C175A5F2B00018271 /* Request.h */,
				CDB72C2D175A5F2B00018271 /* Request.m */,
				EEF8C4B51794453800DDE026 /* ScoreViewController.h */,
				EEF8C4B61794453800DDE026 /* ScoreViewController.m */,
				808330BC17565F9F00C183B9 /* SearchBar.xib */,
				80ABCC01176F2012002718A1 /* SearchResultsView.h */,
				80ABCC02176F2012002718A1 /* SearchResultsView.m */,
				80ABCC04176F2037002718A1 /* SearchResultsView.xib */,
				809F6AF6179FD52600C67D77 /* SelectPromotionsViewController.h */,
				809F6AF7179FD52600C67D77 /* SelectPromotionsViewController.m */,
				CDAD1D2D175E011100581713 /* ShareViewController.h */,
				CDAD1D2E175E011100581713 /* ShareViewController.m */,
				CDD8D95A1768A67900BF3CAC /* StaffEditViewController.h */,
				CDD8D95B1768A67900BF3CAC /* StaffEditViewController.m */,
				CD5024901768AE99003D3004 /* StaffTypeViewController.h */,
				CD5024911768AE99003D3004 /* StaffTypeViewController.m */,
				CD61F0A317688C06005EB276 /* StaffViewController.h */,
				CD61F0A417688C06005EB276 /* StaffViewController.m */,
				EE9D078817A90BFD008FAD09 /* TermsOfUseViewController.h */,
				EE9D078917A90BFD008FAD09 /* TermsOfUseViewController.m */,
				CD26AADA17E2150200A00611 /* ThankYouViewController.h */,
				CD26AADB17E2150200A00611 /* ThankYouViewController.m */,
				806D2781176627CC001E349D /* VenueCategoryViewController.h */,
				806D2782176627CC001E349D /* VenueCategoryViewController.m */,
				EEAFF0FE17677CBC00980DC1 /* VenueDetailsViewController.h */,
				EEAFF0FF17677CBC00980DC1 /* VenueDetailsViewController.m */,
				805AB9DF172A9AFA0056DCFB /* VenueGalleryViewController.h */,
				805AB9E0172A9AFA0056DCFB /* VenueGalleryViewController.m */,
				80B957D416FC65F90044A505 /* VenueViewController.h */,
				80B957D516FC65F90044A505 /* VenueViewController.m */,
				CD59C9B917E8B460000CF510 /* Images.xcassets */,
				808F13CF16FB6A5C00B66E6D /* Supporting Files */,
			);
			path = ShnergleApp;
			sourceTree = "<group>";
		};
		808F13CF16FB6A5C00B66E6D /* Supporting Files */ = {
			isa = PBXGroup;
			children = (
				808F13D116FB6A5C00B66E6D /* InfoPlist.strings */,
				808F13D416FB6A5C00B66E6D /* main.m */,
				808F13D016FB6A5C00B66E6D /* ShnergleApp-Info.plist */,
				808F13D616FB6A5C00B66E6D /* ShnergleApp-Prefix.pch */,
			);
			name = "Supporting Files";
			sourceTree = "<group>";
		};
/* End PBXGroup section */

/* Begin PBXNativeTarget section */
		808F13C416FB6A5C00B66E6D /* ShnergleApp */ = {
			isa = PBXNativeTarget;
			buildConfigurationList = 808F13FD16FB6A5C00B66E6D /* Build configuration list for PBXNativeTarget "ShnergleApp" */;
			buildPhases = (
				3150000C4222446DAA58374A /* Check Pods Manifest.lock */,
				808F13C116FB6A5C00B66E6D /* Sources */,
				808F13C216FB6A5C00B66E6D /* Frameworks */,
				808F13C316FB6A5C00B66E6D /* Resources */,
				0BE573802CEB4DFB8E8BA496 /* Copy Pods Resources */,
			);
			buildRules = (
			);
			dependencies = (
			);
			name = ShnergleApp;
			productName = ShnergleApp;
			productReference = 808F13C516FB6A5C00B66E6D /* ShnergleApp.app */;
			productType = "com.apple.product-type.application";
		};
/* End PBXNativeTarget section */

/* Begin PBXProject section */
		808F13BD16FB6A5C00B66E6D /* Project object */ = {
			isa = PBXProject;
			attributes = {
				LastUpgradeCheck = 0500;
				ORGANIZATIONNAME = Shnergle;
				TargetAttributes = {
					808F13C416FB6A5C00B66E6D = {
						DevelopmentTeam = K392LF962M;
					};
				};
			};
			buildConfigurationList = 808F13C016FB6A5C00B66E6D /* Build configuration list for PBXProject "ShnergleApp" */;
			compatibilityVersion = "Xcode 3.2";
			developmentRegion = English;
			hasScannedForEncodings = 0;
			knownRegions = (
				en,
				he,
			);
			mainGroup = 808F13BC16FB6A5C00B66E6D;
			productRefGroup = 808F13C616FB6A5C00B66E6D /* Products */;
			projectDirPath = "";
			projectRoot = "";
			targets = (
				808F13C416FB6A5C00B66E6D /* ShnergleApp */,
			);
		};
/* End PBXProject section */

/* Begin PBXResourcesBuildPhase section */
		808F13C316FB6A5C00B66E6D /* Resources */ = {
			isa = PBXResourcesBuildPhase;
			buildActionMask = 2147483647;
			files = (
				CD59C9BA17E8B460000CF510 /* Images.xcassets in Resources */,
				808F13D316FB6A5C00B66E6D /* InfoPlist.strings in Resources */,
				808F13E216FB6A5C00B66E6D /* Main.storyboard in Resources */,
				80D6FF64172191A4008A3AFD /* PromotionView.xib in Resources */,
				EE48E7261787300100C13F2A /* OverlayText.xib in Resources */,
				808330BD17565F9F00C183B9 /* SearchBar.xib in Resources */,
				80ABCC05176F2037002718A1 /* SearchResultsView.xib in Resources */,
				CDAD1D35175E2FA600581713 /* Settings.bundle in Resources */,
			);
			runOnlyForDeploymentPostprocessing = 0;
		};
/* End PBXResourcesBuildPhase section */

/* Begin PBXShellScriptBuildPhase section */
		0BE573802CEB4DFB8E8BA496 /* Copy Pods Resources */ = {
			isa = PBXShellScriptBuildPhase;
			buildActionMask = 2147483647;
			files = (
			);
			inputPaths = (
			);
			name = "Copy Pods Resources";
			outputPaths = (
			);
			runOnlyForDeploymentPostprocessing = 0;
			shellPath = /bin/sh;
			shellScript = "\"${SRCROOT}/Pods/Pods-resources.sh\"\n./Crashlytics.framework/run 2baf430bbb573cfdb444a30b0058c3d474393497";
		};
		3150000C4222446DAA58374A /* Check Pods Manifest.lock */ = {
			isa = PBXShellScriptBuildPhase;
			buildActionMask = 2147483647;
			files = (
			);
			inputPaths = (
			);
			name = "Check Pods Manifest.lock";
			outputPaths = (
			);
			runOnlyForDeploymentPostprocessing = 0;
			shellPath = /bin/sh;
			shellScript = "diff \"${PODS_ROOT}/../Podfile.lock\" \"${PODS_ROOT}/Manifest.lock\" > /dev/null\nif [[ $? != 0 ]] ; then\n    cat << EOM\nerror: The sandbox is not in sync with the Podfile.lock. Run 'pod install' or update your CocoaPods installation.\nEOM\n    exit 1\nfi\n";
		};
/* End PBXShellScriptBuildPhase section */

/* Begin PBXSourcesBuildPhase section */
		808F13C116FB6A5C00B66E6D /* Sources */ = {
			isa = PBXSourcesBuildPhase;
			buildActionMask = 2147483647;
			files = (
				CD26AADC17E2150200A00611 /* ThankYouViewController.m in Sources */,
				CD56F319179D30C80028B688 /* FindStaffViewController.m in Sources */,
				EE23586517B13D8D00E3668E /* AnalyticsViewController.m in Sources */,
				CD1D1D3517987932004B634E /* CheckInListViewController.m in Sources */,
				EE217B6D17E0A8C7004287F0 /* CustomerCheckIns.m in Sources */,
				EEB706F5176A1C5B00EF05C5 /* AddPromotionsViewController.m in Sources */,
				EE9D078A17A90BFD008FAD09 /* TermsOfUseViewController.m in Sources */,
				EE6707BD17A957B80083E2C5 /* AcceptViewController.m in Sources */,
				EEE9EAD11768ACF100B8530B /* VenueDetailsViewController.m in Sources */,
				CD5024921768AED6003D3004 /* StaffTypeViewController.m in Sources */,
				CD59C9B817E892E4000CF510 /* CMMapLauncher.m in Sources */,
				CDD8D95C1768A69C00BF3CAC /* StaffEditViewController.m in Sources */,
				CD1BBBB217688F350008E4FD /* StaffViewController.m in Sources */,
				808F13D516FB6A5C00B66E6D /* main.m in Sources */,
				808F13D916FB6A5C00B66E6D /* AppDelegate.m in Sources */,
				808F13E516FB6A5C00B66E6D /* AroundMeViewController.m in Sources */,
				EE23586817B1434E00E3668E /* GraphViewController.m in Sources */,
				80B957D116FBB74F0044A505 /* CheckInViewController.m in Sources */,
				EE4C2E2217B91E20007CD51A /* HelpViewController.m in Sources */,
				80ABCC03176F2012002718A1 /* SearchResultsView.m in Sources */,
				80B957D616FC65F90044A505 /* VenueViewController.m in Sources */,
				805CE6D016FCBDC9002445C3 /* PhotoLocationViewController.m in Sources */,
				8045AFC9170495CE002012D5 /* OverlayText.m in Sources */,
				CDCCCE3C17AC03BC001B091B /* NSObject+MissingMethods.m in Sources */,
				CDCDF9CD17A19A960036EA74 /* PromotionAudienceViewController.m in Sources */,
				80D6FF6717219537008A3AFD /* PromotionView.m in Sources */,
				805AB9E1172A9AFA0056DCFB /* VenueGalleryViewController.m in Sources */,
				EE8FF815172A9CFD0003A8E1 /* LoginScreenController.m in Sources */,
				809F6AF8179FD52600C67D77 /* SelectPromotionsViewController.m in Sources */,
				EE4C2E1F17B9168B007CD51A /* AccountViewController.m in Sources */,
				80B77D28173E938E00085A71 /* MenuViewController.m in Sources */,
				EE0A80711733D97300792AE4 /* ProfileViewController.m in Sources */,
				EEF8C4B71794453800DDE026 /* ScoreViewController.m in Sources */,
				CDB72C2E175A5F2B00018271 /* Request.m in Sources */,
				EE4D8F9817BBD5190012A453 /* ImpViewController.m in Sources */,
				CD3B655D175CBA72006A4151 /* CrowdItem.m in Sources */,
				CDAD1D2F175E011100581713 /* ShareViewController.m in Sources */,
				80DC1DFB1760CAC2000AA6DF /* FavouritesViewController.m in Sources */,
				CD3703751760C8B600CFD249 /* CustomBackViewController.m in Sources */,
				CDBCDE7F1765245B0048478F /* CustomSlidingViewController.m in Sources */,
				CDB11BF517A056D400B8817A /* RedemptionListViewController.m in Sources */,
				806D27801765CE92001E349D /* AddVenueViewController.m in Sources */,
				806D2783176627CC001E349D /* VenueCategoryViewController.m in Sources */,
			);
			runOnlyForDeploymentPostprocessing = 0;
		};
/* End PBXSourcesBuildPhase section */

/* Begin PBXVariantGroup section */
		808F13D116FB6A5C00B66E6D /* InfoPlist.strings */ = {
			isa = PBXVariantGroup;
			children = (
				808F13D216FB6A5C00B66E6D /* en */,
			);
			name = InfoPlist.strings;
			sourceTree = "<group>";
		};
		808F13E016FB6A5C00B66E6D /* Main.storyboard */ = {
			isa = PBXVariantGroup;
			children = (
				808F13E116FB6A5C00B66E6D /* en */,
			);
			name = Main.storyboard;
			sourceTree = "<group>";
		};
/* End PBXVariantGroup section */

/* Begin XCBuildConfiguration section */
		808F13FB16FB6A5C00B66E6D /* Debug */ = {
			isa = XCBuildConfiguration;
			buildSettings = {
				ALWAYS_SEARCH_USER_PATHS = NO;
				CLANG_CXX_LANGUAGE_STANDARD = "gnu++0x";
				CLANG_CXX_LIBRARY = "libc++";
				CLANG_ENABLE_OBJC_ARC = YES;
				CLANG_WARN_CONSTANT_CONVERSION = YES;
				CLANG_WARN_EMPTY_BODY = YES;
				CLANG_WARN_ENUM_CONVERSION = YES;
				CLANG_WARN_INT_CONVERSION = YES;
				CLANG_WARN__DUPLICATE_METHOD_MATCH = YES;
				CODE_SIGN_IDENTITY = "iPhone Developer: Robert Tregaskes (6KZUG8BAB8)";
				"CODE_SIGN_IDENTITY[sdk=iphoneos*]" = "iPhone Developer: Robert Tregaskes (6KZUG8BAB8)";
				COPY_PHASE_STRIP = NO;
				GCC_C_LANGUAGE_STANDARD = gnu99;
				GCC_DYNAMIC_NO_PIC = NO;
				GCC_OPTIMIZATION_LEVEL = 0;
				GCC_PREPROCESSOR_DEFINITIONS = (
					"DEBUG=1",
					"$(inherited)",
				);
				GCC_SYMBOLS_PRIVATE_EXTERN = NO;
				GCC_WARN_ABOUT_RETURN_TYPE = YES;
				GCC_WARN_UNINITIALIZED_AUTOS = YES;
				GCC_WARN_UNUSED_VARIABLE = YES;
				IPHONEOS_DEPLOYMENT_TARGET = 6.0;
				ONLY_ACTIVE_ARCH = YES;
				OTHER_LDFLAGS = "-ObjC";
				PROVISIONING_PROFILE = "";
				"PROVISIONING_PROFILE[sdk=iphoneos*]" = "";
				SDKROOT = iphoneos;
				VALID_ARCHS = armv7;
			};
			name = Debug;
		};
		808F13FC16FB6A5C00B66E6D /* Release */ = {
			isa = XCBuildConfiguration;
			buildSettings = {
				ALWAYS_SEARCH_USER_PATHS = NO;
				CLANG_CXX_LANGUAGE_STANDARD = "gnu++0x";
				CLANG_CXX_LIBRARY = "libc++";
				CLANG_ENABLE_OBJC_ARC = YES;
				CLANG_WARN_CONSTANT_CONVERSION = YES;
				CLANG_WARN_EMPTY_BODY = YES;
				CLANG_WARN_ENUM_CONVERSION = YES;
				CLANG_WARN_INT_CONVERSION = YES;
				CLANG_WARN__DUPLICATE_METHOD_MATCH = YES;
				CODE_SIGN_IDENTITY = "iPhone Developer: Robert Tregaskes (6KZUG8BAB8)";
				"CODE_SIGN_IDENTITY[sdk=iphoneos*]" = "iPhone Developer: Robert Tregaskes (6KZUG8BAB8)";
				COPY_PHASE_STRIP = YES;
				GCC_C_LANGUAGE_STANDARD = gnu99;
				GCC_WARN_ABOUT_RETURN_TYPE = YES;
				GCC_WARN_UNINITIALIZED_AUTOS = YES;
				GCC_WARN_UNUSED_VARIABLE = YES;
				IPHONEOS_DEPLOYMENT_TARGET = 6.0;
				ONLY_ACTIVE_ARCH = NO;
				OTHER_CFLAGS = "-DNS_BLOCK_ASSERTIONS=1";
				OTHER_LDFLAGS = "-ObjC";
				PROVISIONING_PROFILE = "";
				"PROVISIONING_PROFILE[sdk=iphoneos*]" = "";
				SDKROOT = iphoneos;
				VALIDATE_PRODUCT = YES;
				VALID_ARCHS = armv7;
			};
			name = Release;
		};
		808F13FE16FB6A5C00B66E6D /* Debug */ = {
			isa = XCBuildConfiguration;
			baseConfigurationReference = 6199414049D54724BA967C32 /* Pods.xcconfig */;
			buildSettings = {
				ARCHS = "$(ARCHS_STANDARD)";
				ASSETCATALOG_COMPILER_APPICON_NAME = AppIcon;
				ASSETCATALOG_COMPILER_LAUNCHIMAGE_NAME = LaunchImage;
				CODE_SIGN_IDENTITY = "iPhone Developer";
				"CODE_SIGN_IDENTITY[sdk=iphoneos*]" = "iPhone Developer";
				FRAMEWORK_SEARCH_PATHS = (
					"$(inherited)",
					"$(SRCROOT)",
					"/Users/krzd/Documents/ShnergleApp-iOS",
				);
				GCC_PRECOMPILE_PREFIX_HEADER = YES;
				GCC_PREFIX_HEADER = "ShnergleApp/ShnergleApp-Prefix.pch";
				INFOPLIST_FILE = "ShnergleApp/ShnergleApp-Info.plist";
				IPHONEOS_DEPLOYMENT_TARGET = 7.0;
				LIBRARY_SEARCH_PATHS = "$(inherited)";
				PRODUCT_NAME = ShnergleApp;
				PROVISIONING_PROFILE = "";
				"PROVISIONING_PROFILE[sdk=iphoneos*]" = "";
				SDKROOT = iphoneos;
				SUPPORTED_PLATFORMS = "iphonesimulator iphoneos";
				TARGETED_DEVICE_FAMILY = 1;
				VALID_ARCHS = "armv7 armv7s";
				WRAPPER_EXTENSION = app;
			};
			name = Debug;
		};
		808F13FF16FB6A5C00B66E6D /* Release */ = {
			isa = XCBuildConfiguration;
			baseConfigurationReference = 6199414049D54724BA967C32 /* Pods.xcconfig */;
			buildSettings = {
				ARCHS = "$(ARCHS_STANDARD)";
				ASSETCATALOG_COMPILER_APPICON_NAME = AppIcon;
				ASSETCATALOG_COMPILER_LAUNCHIMAGE_NAME = LaunchImage;
				CODE_SIGN_IDENTITY = "iPhone Developer";
				"CODE_SIGN_IDENTITY[sdk=iphoneos*]" = "iPhone Developer";
				FRAMEWORK_SEARCH_PATHS = (
					"$(inherited)",
					"$(SRCROOT)",
					"/Users/krzd/Documents/ShnergleApp-iOS",
				);
				GCC_PRECOMPILE_PREFIX_HEADER = YES;
				GCC_PREFIX_HEADER = "ShnergleApp/ShnergleApp-Prefix.pch";
				INFOPLIST_FILE = "ShnergleApp/ShnergleApp-Info.plist";
				IPHONEOS_DEPLOYMENT_TARGET = 7.0;
				LIBRARY_SEARCH_PATHS = "$(inherited)";
				PRODUCT_NAME = ShnergleApp;
				PROVISIONING_PROFILE = "";
				"PROVISIONING_PROFILE[sdk=iphoneos*]" = "";
				SDKROOT = iphoneos;
				SUPPORTED_PLATFORMS = "iphonesimulator iphoneos";
				TARGETED_DEVICE_FAMILY = 1;
				VALID_ARCHS = "armv7 armv7s";
				WRAPPER_EXTENSION = app;
			};
			name = Release;
		};
/* End XCBuildConfiguration section */

/* Begin XCConfigurationList section */
		808F13C016FB6A5C00B66E6D /* Build configuration list for PBXProject "ShnergleApp" */ = {
			isa = XCConfigurationList;
			buildConfigurations = (
				808F13FB16FB6A5C00B66E6D /* Debug */,
				808F13FC16FB6A5C00B66E6D /* Release */,
			);
			defaultConfigurationIsVisible = 0;
			defaultConfigurationName = Release;
		};
		808F13FD16FB6A5C00B66E6D /* Build configuration list for PBXNativeTarget "ShnergleApp" */ = {
			isa = XCConfigurationList;
			buildConfigurations = (
				808F13FE16FB6A5C00B66E6D /* Debug */,
				808F13FF16FB6A5C00B66E6D /* Release */,
			);
			defaultConfigurationIsVisible = 0;
			defaultConfigurationName = Release;
		};
/* End XCConfigurationList section */
	};
	rootObject = 808F13BD16FB6A5C00B66E6D /* Project object */;
}
