PODS:
  - ECSlidingViewController (0.10.0)
  - Facebook-iOS-SDK (3.5.2)
  - GCPlaceholderTextView (1.0.1)
  - Google-Maps-iOS-SDK (1.3.1)
  - SBJson (3.2)
  - Toast (2.0)

DEPENDENCIES:
  - ECSlidingViewController (~> 0.10.0)
  - Facebook-iOS-SDK (~> 3.5.2)
  - GCPlaceholderTextView (~> 1.0.1)
  - Google-Maps-iOS-SDK (~> 1.3.1)
  - SBJson (~> 3.2.0)
  - Toast (~> 2.0)

SPEC CHECKSUMS:
  ECSlidingViewController: fc9a9a6564d4a64c0d8c7cf5583d2b9a469ecd04
  Facebook-iOS-SDK: 0690c15914d4e412f5f0ef0f8cce34fd0d39f7ce
  GCPlaceholderTextView: 5eeef8d07a1dece8fdcd7762dfc21b8e89800838
  Google-Maps-iOS-SDK: b768a1077faca50212cd9f5596423ccf844f144d
  SBJson: e60b4dc22448c2ae1e754b523a4ab53408e85c8d
  Toast: 05f46f9d48ddf6e29193f802b038e4fb41f806fa

COCOAPODS: 0.19.1
