PODS:
  - ECSlidingViewController (0.10.0)
  - Facebook-iOS-SDK (3.5.3)
  - GCPlaceholderTextView (1.0.1)
  - Google-Maps-iOS-SDK (1.4.0)
  - NSDate+TimeAgo (1.0.2)
  - Toast (2.0)
  - TPKeyboardAvoiding (1.1)
  - UIImage-Resize (0.1)

DEPENDENCIES:
  - ECSlidingViewController (~> 0.10.0)
  - Facebook-iOS-SDK (~> 3.5.3)
  - GCPlaceholderTextView (~> 1.0.1)
  - Google-Maps-iOS-SDK (~> 1.4.0)
  - NSDate+TimeAgo (~> 1.0.2)
  - Toast (~> 2.0)
  - TPKeyboardAvoiding (~> 1.1)
  - UIImage-Resize (~> 0.1)

SPEC CHECKSUMS:
  ECSlidingViewController: fc9a9a6564d4a64c0d8c7cf5583d2b9a469ecd04
  Facebook-iOS-SDK: c11e851555d8cb8b55853ec2990b01d9e343d09e
  GCPlaceholderTextView: 5eeef8d07a1dece8fdcd7762dfc21b8e89800838
  Google-Maps-iOS-SDK: 684be0a52331711e69dd2791ffec4d3db2d34924
  NSDate+TimeAgo: fe93d3042e83093ae3630bc47ae7d57f782733f6
  Toast: 05f46f9d48ddf6e29193f802b038e4fb41f806fa
  TPKeyboardAvoiding: e1f92115fba393b45682fd48148d672b72a95c50
  UIImage-Resize: 8372efb7144f060a3482c8915388829787fe4b7c

COCOAPODS: 0.22.2
